// !$*UTF8*$!
{
	archiveVersion = 1;
	classes = {
	};
	objectVersion = 46;
	objects = {

/* Begin PBXBuildFile section */
		950A03451BAFF52D000C2103 /* MSContentModel.xcdatamodeld in Sources */ = {isa = PBXBuildFile; fileRef = 950A03431BAFF52D000C2103 /* MSContentModel.xcdatamodeld */; };
		950A03831BB00869000C2103 /* MSContent.m in Sources */ = {isa = PBXBuildFile; fileRef = 950A03821BB00869000C2103 /* MSContent.m */; };
		950A03BD1BB02E78000C2103 /* CoreData.framework in Frameworks */ = {isa = PBXBuildFile; fileRef = 950A03BC1BB02E78000C2103 /* CoreData.framework */; };
		950A03BF1BB02E82000C2103 /* UIKit.framework in Frameworks */ = {isa = PBXBuildFile; fileRef = 950A03BE1BB02E82000C2103 /* UIKit.framework */; settings = {ATTRIBUTES = (Required, ); }; };
		951036141B9860A7008BF7EA /* happy-minion.png in Resources */ = {isa = PBXBuildFile; fileRef = 951036131B9860A7008BF7EA /* happy-minion.png */; };
		95241BFC1B8E4E55007246A3 /* MSCollectionViewController.m in Sources */ = {isa = PBXBuildFile; fileRef = 95241BFB1B8E4E55007246A3 /* MSCollectionViewController.m */; };
		95241C021B8E501D007246A3 /* MSContainerViewController.m in Sources */ = {isa = PBXBuildFile; fileRef = 95241C011B8E501D007246A3 /* MSContainerViewController.m */; };
		953F0E881B94B2D700527EBA /* MSContentValidator.m in Sources */ = {isa = PBXBuildFile; fileRef = 953F0E871B94B2D700527EBA /* MSContentValidator.m */; };
		953F0E8B1B94B53400527EBA /* MSAddViewController.m in Sources */ = {isa = PBXBuildFile; fileRef = 953F0E8A1B94B53400527EBA /* MSAddViewController.m */; };
		953F0E8E1B94B79000527EBA /* MSMainViewController.m in Sources */ = {isa = PBXBuildFile; fileRef = 953F0E8D1B94B79000527EBA /* MSMainViewController.m */; };
		957319761B95A53F007AED5D /* Content.plist in Resources */ = {isa = PBXBuildFile; fileRef = 957319751B95A53F007AED5D /* Content.plist */; };
		9573197C1B9770D2007AED5D /* newItem.jpg in Resources */ = {isa = PBXBuildFile; fileRef = 9573197B1B9770D2007AED5D /* newItem.jpg */; };
		9573197F1B977C66007AED5D /* Main.storyboard in Resources */ = {isa = PBXBuildFile; fileRef = 9573197D1B977C66007AED5D /* Main.storyboard */; };
		95942FE41B8EFC6F000DE0C6 /* MSCollectionViewCell.m in Sources */ = {isa = PBXBuildFile; fileRef = 95942FE31B8EFC6F000DE0C6 /* MSCollectionViewCell.m */; };
		95CB898A1B7CA74500ADEBA5 /* main.m in Sources */ = {isa = PBXBuildFile; fileRef = 95CB89891B7CA74500ADEBA5 /* main.m */; };
		95CB898D1B7CA74500ADEBA5 /* AppDelegate.m in Sources */ = {isa = PBXBuildFile; fileRef = 95CB898C1B7CA74500ADEBA5 /* AppDelegate.m */; };
		95CB89901B7CA74500ADEBA5 /* MSTableViewController.m in Sources */ = {isa = PBXBuildFile; fileRef = 95CB898F1B7CA74500ADEBA5 /* MSTableViewController.m */; };
		95CB89981B7CA74500ADEBA5 /* LaunchScreen.xib in Resources */ = {isa = PBXBuildFile; fileRef = 95CB89961B7CA74500ADEBA5 /* LaunchScreen.xib */; };
		95CB89A41B7CA74500ADEBA5 /* Minion_SaysTests.m in Sources */ = {isa = PBXBuildFile; fileRef = 95CB89A31B7CA74500ADEBA5 /* Minion_SaysTests.m */; };
		95CB89AF1B7CA92900ADEBA5 /* MSContentCell.m in Sources */ = {isa = PBXBuildFile; fileRef = 95CB89AE1B7CA92900ADEBA5 /* MSContentCell.m */; };
		95CB89BE1B7CAC2700ADEBA5 /* 1.jpg in Resources */ = {isa = PBXBuildFile; fileRef = 95CB89B41B7CAC2700ADEBA5 /* 1.jpg */; };
		95CB89BF1B7CAC2700ADEBA5 /* 10.jpg in Resources */ = {isa = PBXBuildFile; fileRef = 95CB89B51B7CAC2700ADEBA5 /* 10.jpg */; };
		95CB89C01B7CAC2700ADEBA5 /* 2.jpg in Resources */ = {isa = PBXBuildFile; fileRef = 95CB89B61B7CAC2700ADEBA5 /* 2.jpg */; };
		95CB89C11B7CAC2700ADEBA5 /* 3.jpg in Resources */ = {isa = PBXBuildFile; fileRef = 95CB89B71B7CAC2700ADEBA5 /* 3.jpg */; };
		95CB89C21B7CAC2700ADEBA5 /* 4.jpg in Resources */ = {isa = PBXBuildFile; fileRef = 95CB89B81B7CAC2700ADEBA5 /* 4.jpg */; };
		95CB89C31B7CAC2700ADEBA5 /* 5.jpg in Resources */ = {isa = PBXBuildFile; fileRef = 95CB89B91B7CAC2700ADEBA5 /* 5.jpg */; };
		95CB89C41B7CAC2700ADEBA5 /* 6.jpg in Resources */ = {isa = PBXBuildFile; fileRef = 95CB89BA1B7CAC2700ADEBA5 /* 6.jpg */; };
		95CB89C51B7CAC2700ADEBA5 /* 7.jpg in Resources */ = {isa = PBXBuildFile; fileRef = 95CB89BB1B7CAC2700ADEBA5 /* 7.jpg */; };
		95CB89C61B7CAC2700ADEBA5 /* 8.jpg in Resources */ = {isa = PBXBuildFile; fileRef = 95CB89BC1B7CAC2700ADEBA5 /* 8.jpg */; };
		95CB89C71B7CAC2700ADEBA5 /* 9.jpg in Resources */ = {isa = PBXBuildFile; fileRef = 95CB89BD1B7CAC2700ADEBA5 /* 9.jpg */; };
		95CB89CE1B7CBEE000ADEBA5 /* MSDataSource.m in Sources */ = {isa = PBXBuildFile; fileRef = 95CB89CD1B7CBEE000ADEBA5 /* MSDataSource.m */; };
		95CE8EC01BB084F4003BC73B /* MSManeger.m in Sources */ = {isa = PBXBuildFile; fileRef = 95CE8EBF1BB084F4003BC73B /* MSManeger.m */; };
/* End PBXBuildFile section */

/* Begin PBXContainerItemProxy section */
		95CB899E1B7CA74500ADEBA5 /* PBXContainerItemProxy */ = {
			isa = PBXContainerItemProxy;
			containerPortal = 95CB897C1B7CA74500ADEBA5 /* Project object */;
			proxyType = 1;
			remoteGlobalIDString = 95CB89831B7CA74500ADEBA5;
			remoteInfo = "Minion Says";
		};
/* End PBXContainerItemProxy section */

/* Begin PBXFileReference section */
		950A03441BAFF52D000C2103 /* MSContentModel.xcdatamodel */ = {isa = PBXFileReference; lastKnownFileType = wrapper.xcdatamodel; path = MSContentModel.xcdatamodel; sourceTree = "<group>"; };
		950A03811BB00869000C2103 /* MSContent.h */ = {isa = PBXFileReference; fileEncoding = 4; lastKnownFileType = sourcecode.c.h; path = MSContent.h; sourceTree = "<group>"; };
		950A03821BB00869000C2103 /* MSContent.m */ = {isa = PBXFileReference; fileEncoding = 4; lastKnownFileType = sourcecode.c.objc; path = MSContent.m; sourceTree = "<group>"; };
		950A03BC1BB02E78000C2103 /* CoreData.framework */ = {isa = PBXFileReference; lastKnownFileType = wrapper.framework; name = CoreData.framework; path = System/Library/Frameworks/CoreData.framework; sourceTree = SDKROOT; };
		950A03BE1BB02E82000C2103 /* UIKit.framework */ = {isa = PBXFileReference; lastKnownFileType = wrapper.framework; name = UIKit.framework; path = System/Library/Frameworks/UIKit.framework; sourceTree = SDKROOT; };
		951036131B9860A7008BF7EA /* happy-minion.png */ = {isa = PBXFileReference; lastKnownFileType = image.png; path = "happy-minion.png"; sourceTree = "<group>"; };
		95241BFA1B8E4E55007246A3 /* MSCollectionViewController.h */ = {isa = PBXFileReference; fileEncoding = 4; lastKnownFileType = sourcecode.c.h; path = MSCollectionViewController.h; sourceTree = "<group>"; };
		95241BFB1B8E4E55007246A3 /* MSCollectionViewController.m */ = {isa = PBXFileReference; fileEncoding = 4; lastKnownFileType = sourcecode.c.objc; path = MSCollectionViewController.m; sourceTree = "<group>"; };
		95241C001B8E501D007246A3 /* MSContainerViewController.h */ = {isa = PBXFileReference; fileEncoding = 4; lastKnownFileType = sourcecode.c.h; path = MSContainerViewController.h; sourceTree = "<group>"; };
		95241C011B8E501D007246A3 /* MSContainerViewController.m */ = {isa = PBXFileReference; fileEncoding = 4; lastKnownFileType = sourcecode.c.objc; path = MSContainerViewController.m; sourceTree = "<group>"; };
		953F0E861B94B2D700527EBA /* MSContentValidator.h */ = {isa = PBXFileReference; fileEncoding = 4; lastKnownFileType = sourcecode.c.h; path = MSContentValidator.h; sourceTree = "<group>"; };
		953F0E871B94B2D700527EBA /* MSContentValidator.m */ = {isa = PBXFileReference; fileEncoding = 4; lastKnownFileType = sourcecode.c.objc; path = MSContentValidator.m; sourceTree = "<group>"; };
		953F0E891B94B53400527EBA /* MSAddViewController.h */ = {isa = PBXFileReference; fileEncoding = 4; lastKnownFileType = sourcecode.c.h; path = MSAddViewController.h; sourceTree = "<group>"; };
		953F0E8A1B94B53400527EBA /* MSAddViewController.m */ = {isa = PBXFileReference; fileEncoding = 4; lastKnownFileType = sourcecode.c.objc; path = MSAddViewController.m; sourceTree = "<group>"; };
		953F0E8C1B94B79000527EBA /* MSMainViewController.h */ = {isa = PBXFileReference; fileEncoding = 4; lastKnownFileType = sourcecode.c.h; path = MSMainViewController.h; sourceTree = "<group>"; };
		953F0E8D1B94B79000527EBA /* MSMainViewController.m */ = {isa = PBXFileReference; fileEncoding = 4; lastKnownFileType = sourcecode.c.objc; path = MSMainViewController.m; sourceTree = "<group>"; };
		957319751B95A53F007AED5D /* Content.plist */ = {isa = PBXFileReference; fileEncoding = 4; lastKnownFileType = text.plist.xml; path = Content.plist; sourceTree = "<group>"; };
		9573197B1B9770D2007AED5D /* newItem.jpg */ = {isa = PBXFileReference; lastKnownFileType = image.jpeg; path = newItem.jpg; sourceTree = "<group>"; };
		9573197E1B977C66007AED5D /* Base */ = {isa = PBXFileReference; lastKnownFileType = file.storyboard; name = Base; path = Base.lproj/Main.storyboard; sourceTree = "<group>"; };
		95942FE21B8EFC6F000DE0C6 /* MSCollectionViewCell.h */ = {isa = PBXFileReference; fileEncoding = 4; lastKnownFileType = sourcecode.c.h; path = MSCollectionViewCell.h; sourceTree = "<group>"; };
		95942FE31B8EFC6F000DE0C6 /* MSCollectionViewCell.m */ = {isa = PBXFileReference; fileEncoding = 4; lastKnownFileType = sourcecode.c.objc; path = MSCollectionViewCell.m; sourceTree = "<group>"; };
		95CB89841B7CA74500ADEBA5 /* Minion Says.app */ = {isa = PBXFileReference; explicitFileType = wrapper.application; includeInIndex = 0; path = "Minion Says.app"; sourceTree = BUILT_PRODUCTS_DIR; };
		95CB89881B7CA74500ADEBA5 /* Info.plist */ = {isa = PBXFileReference; lastKnownFileType = text.plist.xml; path = Info.plist; sourceTree = "<group>"; };
		95CB89891B7CA74500ADEBA5 /* main.m */ = {isa = PBXFileReference; lastKnownFileType = sourcecode.c.objc; path = main.m; sourceTree = "<group>"; };
		95CB898B1B7CA74500ADEBA5 /* AppDelegate.h */ = {isa = PBXFileReference; lastKnownFileType = sourcecode.c.h; path = AppDelegate.h; sourceTree = "<group>"; };
		95CB898C1B7CA74500ADEBA5 /* AppDelegate.m */ = {isa = PBXFileReference; lastKnownFileType = sourcecode.c.objc; path = AppDelegate.m; sourceTree = "<group>"; };
		95CB898E1B7CA74500ADEBA5 /* MSTableViewController.h */ = {isa = PBXFileReference; lastKnownFileType = sourcecode.c.h; path = MSTableViewController.h; sourceTree = "<group>"; };
		95CB898F1B7CA74500ADEBA5 /* MSTableViewController.m */ = {isa = PBXFileReference; lastKnownFileType = sourcecode.c.objc; path = MSTableViewController.m; sourceTree = "<group>"; };
		95CB89971B7CA74500ADEBA5 /* Base */ = {isa = PBXFileReference; lastKnownFileType = file.xib; name = Base; path = Base.lproj/LaunchScreen.xib; sourceTree = "<group>"; };
		95CB899D1B7CA74500ADEBA5 /* Minion SaysTests.xctest */ = {isa = PBXFileReference; explicitFileType = wrapper.cfbundle; includeInIndex = 0; path = "Minion SaysTests.xctest"; sourceTree = BUILT_PRODUCTS_DIR; };
		95CB89A21B7CA74500ADEBA5 /* Info.plist */ = {isa = PBXFileReference; lastKnownFileType = text.plist.xml; path = Info.plist; sourceTree = "<group>"; };
		95CB89A31B7CA74500ADEBA5 /* Minion_SaysTests.m */ = {isa = PBXFileReference; lastKnownFileType = sourcecode.c.objc; path = Minion_SaysTests.m; sourceTree = "<group>"; };
		95CB89AD1B7CA92900ADEBA5 /* MSContentCell.h */ = {isa = PBXFileReference; fileEncoding = 4; lastKnownFileType = sourcecode.c.h; path = MSContentCell.h; sourceTree = "<group>"; };
		95CB89AE1B7CA92900ADEBA5 /* MSContentCell.m */ = {isa = PBXFileReference; fileEncoding = 4; lastKnownFileType = sourcecode.c.objc; path = MSContentCell.m; sourceTree = "<group>"; };
		95CB89B41B7CAC2700ADEBA5 /* 1.jpg */ = {isa = PBXFileReference; lastKnownFileType = image.jpeg; path = 1.jpg; sourceTree = "<group>"; };
		95CB89B51B7CAC2700ADEBA5 /* 10.jpg */ = {isa = PBXFileReference; lastKnownFileType = image.jpeg; path = 10.jpg; sourceTree = "<group>"; };
		95CB89B61B7CAC2700ADEBA5 /* 2.jpg */ = {isa = PBXFileReference; lastKnownFileType = image.jpeg; path = 2.jpg; sourceTree = "<group>"; };
		95CB89B71B7CAC2700ADEBA5 /* 3.jpg */ = {isa = PBXFileReference; lastKnownFileType = image.jpeg; path = 3.jpg; sourceTree = "<group>"; };
		95CB89B81B7CAC2700ADEBA5 /* 4.jpg */ = {isa = PBXFileReference; lastKnownFileType = image.jpeg; path = 4.jpg; sourceTree = "<group>"; };
		95CB89B91B7CAC2700ADEBA5 /* 5.jpg */ = {isa = PBXFileReference; lastKnownFileType = image.jpeg; path = 5.jpg; sourceTree = "<group>"; };
		95CB89BA1B7CAC2700ADEBA5 /* 6.jpg */ = {isa = PBXFileReference; lastKnownFileType = image.jpeg; path = 6.jpg; sourceTree = "<group>"; };
		95CB89BB1B7CAC2700ADEBA5 /* 7.jpg */ = {isa = PBXFileReference; lastKnownFileType = image.jpeg; path = 7.jpg; sourceTree = "<group>"; };
		95CB89BC1B7CAC2700ADEBA5 /* 8.jpg */ = {isa = PBXFileReference; lastKnownFileType = image.jpeg; path = 8.jpg; sourceTree = "<group>"; };
		95CB89BD1B7CAC2700ADEBA5 /* 9.jpg */ = {isa = PBXFileReference; lastKnownFileType = image.jpeg; path = 9.jpg; sourceTree = "<group>"; };
		95CB89CC1B7CBEE000ADEBA5 /* MSDataSource.h */ = {isa = PBXFileReference; fileEncoding = 4; lastKnownFileType = sourcecode.c.h; path = MSDataSource.h; sourceTree = "<group>"; };
		95CB89CD1B7CBEE000ADEBA5 /* MSDataSource.m */ = {isa = PBXFileReference; fileEncoding = 4; lastKnownFileType = sourcecode.c.objc; path = MSDataSource.m; sourceTree = "<group>"; };
		95CE8EBE1BB084F4003BC73B /* MSManeger.h */ = {isa = PBXFileReference; fileEncoding = 4; lastKnownFileType = sourcecode.c.h; path = MSManeger.h; sourceTree = "<group>"; };
		95CE8EBF1BB084F4003BC73B /* MSManeger.m */ = {isa = PBXFileReference; fileEncoding = 4; lastKnownFileType = sourcecode.c.objc; path = MSManeger.m; sourceTree = "<group>"; };
/* End PBXFileReference section */

/* Begin PBXFrameworksBuildPhase section */
		95CB89811B7CA74500ADEBA5 /* Frameworks */ = {
			isa = PBXFrameworksBuildPhase;
			buildActionMask = 2147483647;
			files = (
				950A03BF1BB02E82000C2103 /* UIKit.framework in Frameworks */,
				950A03BD1BB02E78000C2103 /* CoreData.framework in Frameworks */,
			);
			runOnlyForDeploymentPostprocessing = 0;
		};
		95CB899A1B7CA74500ADEBA5 /* Frameworks */ = {
			isa = PBXFrameworksBuildPhase;
			buildActionMask = 2147483647;
			files = (
			);
			runOnlyForDeploymentPostprocessing = 0;
		};
/* End PBXFrameworksBuildPhase section */

/* Begin PBXGroup section */
		95CB897B1B7CA74500ADEBA5 = {
			isa = PBXGroup;
			children = (
				950A03BE1BB02E82000C2103 /* UIKit.framework */,
				950A03BC1BB02E78000C2103 /* CoreData.framework */,
				95CB89861B7CA74500ADEBA5 /* Minion Says */,
				95CB89A01B7CA74500ADEBA5 /* Minion SaysTests */,
				95CB89851B7CA74500ADEBA5 /* Products */,
			);
			sourceTree = "<group>";
		};
		95CB89851B7CA74500ADEBA5 /* Products */ = {
			isa = PBXGroup;
			children = (
				95CB89841B7CA74500ADEBA5 /* Minion Says.app */,
				95CB899D1B7CA74500ADEBA5 /* Minion SaysTests.xctest */,
			);
			name = Products;
			sourceTree = "<group>";
		};
		95CB89861B7CA74500ADEBA5 /* Minion Says */ = {
			isa = PBXGroup;
			children = (
				95CB89C81B7CBDCA00ADEBA5 /* Model */,
				95CB89C91B7CBDE800ADEBA5 /* View */,
				95CB89CA1B7CBDFD00ADEBA5 /* Controller */,
				95CB89CB1B7CBE3400ADEBA5 /* Data Source */,
				953F0E861B94B2D700527EBA /* MSContentValidator.h */,
				953F0E871B94B2D700527EBA /* MSContentValidator.m */,
				95CB898B1B7CA74500ADEBA5 /* AppDelegate.h */,
				95CB898C1B7CA74500ADEBA5 /* AppDelegate.m */,
				95CB89961B7CA74500ADEBA5 /* LaunchScreen.xib */,
				9573197D1B977C66007AED5D /* Main.storyboard */,
				95CB89B31B7CAC2700ADEBA5 /* images */,
				95CB89871B7CA74500ADEBA5 /* Supporting Files */,
			);
			path = "Minion Says";
			sourceTree = "<group>";
		};
		95CB89871B7CA74500ADEBA5 /* Supporting Files */ = {
			isa = PBXGroup;
			children = (
				95CB89881B7CA74500ADEBA5 /* Info.plist */,
				95CB89891B7CA74500ADEBA5 /* main.m */,
				957319751B95A53F007AED5D /* Content.plist */,
			);
			name = "Supporting Files";
			sourceTree = "<group>";
		};
		95CB89A01B7CA74500ADEBA5 /* Minion SaysTests */ = {
			isa = PBXGroup;
			children = (
				95CB89A31B7CA74500ADEBA5 /* Minion_SaysTests.m */,
				95CB89A11B7CA74500ADEBA5 /* Supporting Files */,
			);
			path = "Minion SaysTests";
			sourceTree = "<group>";
		};
		95CB89A11B7CA74500ADEBA5 /* Supporting Files */ = {
			isa = PBXGroup;
			children = (
				95CB89A21B7CA74500ADEBA5 /* Info.plist */,
			);
			name = "Supporting Files";
			sourceTree = "<group>";
		};
		95CB89B31B7CAC2700ADEBA5 /* images */ = {
			isa = PBXGroup;
			children = (
				951036131B9860A7008BF7EA /* happy-minion.png */,
				95CB89B41B7CAC2700ADEBA5 /* 1.jpg */,
				9573197B1B9770D2007AED5D /* newItem.jpg */,
				95CB89B51B7CAC2700ADEBA5 /* 10.jpg */,
				95CB89B61B7CAC2700ADEBA5 /* 2.jpg */,
				95CB89B71B7CAC2700ADEBA5 /* 3.jpg */,
				95CB89B81B7CAC2700ADEBA5 /* 4.jpg */,
				95CB89B91B7CAC2700ADEBA5 /* 5.jpg */,
				95CB89BA1B7CAC2700ADEBA5 /* 6.jpg */,
				95CB89BB1B7CAC2700ADEBA5 /* 7.jpg */,
				95CB89BC1B7CAC2700ADEBA5 /* 8.jpg */,
				95CB89BD1B7CAC2700ADEBA5 /* 9.jpg */,
			);
			path = images;
			sourceTree = "<group>";
		};
		95CB89C81B7CBDCA00ADEBA5 /* Model */ = {
			isa = PBXGroup;
			children = (
				950A03811BB00869000C2103 /* MSContent.h */,
				950A03821BB00869000C2103 /* MSContent.m */,
				950A03431BAFF52D000C2103 /* MSContentModel.xcdatamodeld */,
			);
			name = Model;
			sourceTree = "<group>";
		};
		95CB89C91B7CBDE800ADEBA5 /* View */ = {
			isa = PBXGroup;
			children = (
				95CB89AD1B7CA92900ADEBA5 /* MSContentCell.h */,
				95CB89AE1B7CA92900ADEBA5 /* MSContentCell.m */,
				95942FE21B8EFC6F000DE0C6 /* MSCollectionViewCell.h */,
				95942FE31B8EFC6F000DE0C6 /* MSCollectionViewCell.m */,
			);
			name = View;
			sourceTree = "<group>";
		};
		95CB89CA1B7CBDFD00ADEBA5 /* Controller */ = {
			isa = PBXGroup;
			children = (
				953F0E8C1B94B79000527EBA /* MSMainViewController.h */,
				953F0E8D1B94B79000527EBA /* MSMainViewController.m */,
				95241C001B8E501D007246A3 /* MSContainerViewController.h */,
				95241C011B8E501D007246A3 /* MSContainerViewController.m */,
				95CB898E1B7CA74500ADEBA5 /* MSTableViewController.h */,
				95CB898F1B7CA74500ADEBA5 /* MSTableViewController.m */,
				95241BFA1B8E4E55007246A3 /* MSCollectionViewController.h */,
				95241BFB1B8E4E55007246A3 /* MSCollectionViewController.m */,
				953F0E891B94B53400527EBA /* MSAddViewController.h */,
				953F0E8A1B94B53400527EBA /* MSAddViewController.m */,
			);
			name = Controller;
			sourceTree = "<group>";
		};
		95CB89CB1B7CBE3400ADEBA5 /* Data Source */ = {
			isa = PBXGroup;
			children = (
				95CB89CC1B7CBEE000ADEBA5 /* MSDataSource.h */,
				95CB89CD1B7CBEE000ADEBA5 /* MSDataSource.m */,
				95CE8EBE1BB084F4003BC73B /* MSManeger.h */,
				95CE8EBF1BB084F4003BC73B /* MSManeger.m */,
			);
			name = "Data Source";
			sourceTree = "<group>";
		};
/* End PBXGroup section */

/* Begin PBXNativeTarget section */
		95CB89831B7CA74500ADEBA5 /* Minion Says */ = {
			isa = PBXNativeTarget;
			buildConfigurationList = 95CB89A71B7CA74500ADEBA5 /* Build configuration list for PBXNativeTarget "Minion Says" */;
			buildPhases = (
				95CB89801B7CA74500ADEBA5 /* Sources */,
				95CB89811B7CA74500ADEBA5 /* Frameworks */,
				95CB89821B7CA74500ADEBA5 /* Resources */,
			);
			buildRules = (
			);
			dependencies = (
			);
			name = "Minion Says";
			productName = "Minion Says";
			productReference = 95CB89841B7CA74500ADEBA5 /* Minion Says.app */;
			productType = "com.apple.product-type.application";
		};
		95CB899C1B7CA74500ADEBA5 /* Minion SaysTests */ = {
			isa = PBXNativeTarget;
			buildConfigurationList = 95CB89AA1B7CA74500ADEBA5 /* Build configuration list for PBXNativeTarget "Minion SaysTests" */;
			buildPhases = (
				95CB89991B7CA74500ADEBA5 /* Sources */,
				95CB899A1B7CA74500ADEBA5 /* Frameworks */,
				95CB899B1B7CA74500ADEBA5 /* Resources */,
			);
			buildRules = (
			);
			dependencies = (
				95CB899F1B7CA74500ADEBA5 /* PBXTargetDependency */,
			);
			name = "Minion SaysTests";
			productName = "Minion SaysTests";
			productReference = 95CB899D1B7CA74500ADEBA5 /* Minion SaysTests.xctest */;
			productType = "com.apple.product-type.bundle.unit-test";
		};
/* End PBXNativeTarget section */

/* Begin PBXProject section */
		95CB897C1B7CA74500ADEBA5 /* Project object */ = {
			isa = PBXProject;
			attributes = {
				LastUpgradeCheck = 0630;
				ORGANIZATIONNAME = anna;
				TargetAttributes = {
					95CB89831B7CA74500ADEBA5 = {
						CreatedOnToolsVersion = 6.3.1;
					};
					95CB899C1B7CA74500ADEBA5 = {
						CreatedOnToolsVersion = 6.3.1;
						TestTargetID = 95CB89831B7CA74500ADEBA5;
					};
				};
			};
			buildConfigurationList = 95CB897F1B7CA74500ADEBA5 /* Build configuration list for PBXProject "Minion Says" */;
			compatibilityVersion = "Xcode 3.2";
			developmentRegion = English;
			hasScannedForEncodings = 0;
			knownRegions = (
				en,
				Base,
			);
			mainGroup = 95CB897B1B7CA74500ADEBA5;
			productRefGroup = 95CB89851B7CA74500ADEBA5 /* Products */;
			projectDirPath = "";
			projectRoot = "";
			targets = (
				95CB89831B7CA74500ADEBA5 /* Minion Says */,
				95CB899C1B7CA74500ADEBA5 /* Minion SaysTests */,
			);
		};
/* End PBXProject section */

/* Begin PBXResourcesBuildPhase section */
		95CB89821B7CA74500ADEBA5 /* Resources */ = {
			isa = PBXResourcesBuildPhase;
			buildActionMask = 2147483647;
			files = (
				957319761B95A53F007AED5D /* Content.plist in Resources */,
				95CB89C61B7CAC2700ADEBA5 /* 8.jpg in Resources */,
				95CB89C41B7CAC2700ADEBA5 /* 6.jpg in Resources */,
				95CB89BE1B7CAC2700ADEBA5 /* 1.jpg in Resources */,
				95CB89C31B7CAC2700ADEBA5 /* 5.jpg in Resources */,
				9573197C1B9770D2007AED5D /* newItem.jpg in Resources */,
				95CB89C21B7CAC2700ADEBA5 /* 4.jpg in Resources */,
				9573197F1B977C66007AED5D /* Main.storyboard in Resources */,
				95CB89C01B7CAC2700ADEBA5 /* 2.jpg in Resources */,
				95CB89C11B7CAC2700ADEBA5 /* 3.jpg in Resources */,
				95CB89C51B7CAC2700ADEBA5 /* 7.jpg in Resources */,
				95CB89C71B7CAC2700ADEBA5 /* 9.jpg in Resources */,
				951036141B9860A7008BF7EA /* happy-minion.png in Resources */,
				95CB89BF1B7CAC2700ADEBA5 /* 10.jpg in Resources */,
				95CB89981B7CA74500ADEBA5 /* LaunchScreen.xib in Resources */,
			);
			runOnlyForDeploymentPostprocessing = 0;
		};
		95CB899B1B7CA74500ADEBA5 /* Resources */ = {
			isa = PBXResourcesBuildPhase;
			buildActionMask = 2147483647;
			files = (
			);
			runOnlyForDeploymentPostprocessing = 0;
		};
/* End PBXResourcesBuildPhase section */

/* Begin PBXSourcesBuildPhase section */
		95CB89801B7CA74500ADEBA5 /* Sources */ = {
			isa = PBXSourcesBuildPhase;
			buildActionMask = 2147483647;
			files = (
				95241C021B8E501D007246A3 /* MSContainerViewController.m in Sources */,
				953F0E881B94B2D700527EBA /* MSContentValidator.m in Sources */,
				95CB89AF1B7CA92900ADEBA5 /* MSContentCell.m in Sources */,
				95CB89CE1B7CBEE000ADEBA5 /* MSDataSource.m in Sources */,
				95CB89901B7CA74500ADEBA5 /* MSTableViewController.m in Sources */,
				95241BFC1B8E4E55007246A3 /* MSCollectionViewController.m in Sources */,
				950A03451BAFF52D000C2103 /* MSContentModel.xcdatamodeld in Sources */,
				95942FE41B8EFC6F000DE0C6 /* MSCollectionViewCell.m in Sources */,
				95CE8EC01BB084F4003BC73B /* MSManeger.m in Sources */,
				953F0E8E1B94B79000527EBA /* MSMainViewController.m in Sources */,
				953F0E8B1B94B53400527EBA /* MSAddViewController.m in Sources */,
				950A03831BB00869000C2103 /* MSContent.m in Sources */,
				95CB898D1B7CA74500ADEBA5 /* AppDelegate.m in Sources */,
				95CB898A1B7CA74500ADEBA5 /* main.m in Sources */,
			);
			runOnlyForDeploymentPostprocessing = 0;
		};
		95CB89991B7CA74500ADEBA5 /* Sources */ = {
			isa = PBXSourcesBuildPhase;
			buildActionMask = 2147483647;
			files = (
				95CB89A41B7CA74500ADEBA5 /* Minion_SaysTests.m in Sources */,
			);
			runOnlyForDeploymentPostprocessing = 0;
		};
/* End PBXSourcesBuildPhase section */

/* Begin PBXTargetDependency section */
		95CB899F1B7CA74500ADEBA5 /* PBXTargetDependency */ = {
			isa = PBXTargetDependency;
			target = 95CB89831B7CA74500ADEBA5 /* Minion Says */;
			targetProxy = 95CB899E1B7CA74500ADEBA5 /* PBXContainerItemProxy */;
		};
/* End PBXTargetDependency section */

/* Begin PBXVariantGroup section */
		9573197D1B977C66007AED5D /* Main.storyboard */ = {
			isa = PBXVariantGroup;
			children = (
				9573197E1B977C66007AED5D /* Base */,
			);
			name = Main.storyboard;
			sourceTree = "<group>";
		};
		95CB89961B7CA74500ADEBA5 /* LaunchScreen.xib */ = {
			isa = PBXVariantGroup;
			children = (
				95CB89971B7CA74500ADEBA5 /* Base */,
			);
			name = LaunchScreen.xib;
			sourceTree = "<group>";
		};
/* End PBXVariantGroup section */

/* Begin XCBuildConfiguration section */
		95CB89A51B7CA74500ADEBA5 /* Debug */ = {
			isa = XCBuildConfiguration;
			buildSettings = {
				ALWAYS_SEARCH_USER_PATHS = NO;
				CLANG_CXX_LANGUAGE_STANDARD = "gnu++0x";
				CLANG_CXX_LIBRARY = "libc++";
				CLANG_ENABLE_MODULES = YES;
				CLANG_ENABLE_OBJC_ARC = YES;
				CLANG_WARN_BOOL_CONVERSION = YES;
				CLANG_WARN_CONSTANT_CONVERSION = YES;
				CLANG_WARN_DIRECT_OBJC_ISA_USAGE = YES_ERROR;
				CLANG_WARN_EMPTY_BODY = YES;
				CLANG_WARN_ENUM_CONVERSION = YES;
				CLANG_WARN_INT_CONVERSION = YES;
				CLANG_WARN_OBJC_ROOT_CLASS = YES_ERROR;
				CLANG_WARN_UNREACHABLE_CODE = YES;
				CLANG_WARN__DUPLICATE_METHOD_MATCH = YES;
				"CODE_SIGN_IDENTITY[sdk=iphoneos*]" = "iPhone Developer";
				COPY_PHASE_STRIP = NO;
				DEBUG_INFORMATION_FORMAT = "dwarf-with-dsym";
				ENABLE_STRICT_OBJC_MSGSEND = YES;
				GCC_C_LANGUAGE_STANDARD = gnu99;
				GCC_DYNAMIC_NO_PIC = NO;
				GCC_NO_COMMON_BLOCKS = YES;
				GCC_OPTIMIZATION_LEVEL = 0;
				GCC_PREPROCESSOR_DEFINITIONS = (
					"DEBUG=1",
					"$(inherited)",
				);
				GCC_SYMBOLS_PRIVATE_EXTERN = NO;
				GCC_WARN_64_TO_32_BIT_CONVERSION = YES;
				GCC_WARN_ABOUT_RETURN_TYPE = YES_ERROR;
				GCC_WARN_UNDECLARED_SELECTOR = YES;
				GCC_WARN_UNINITIALIZED_AUTOS = YES_AGGRESSIVE;
				GCC_WARN_UNUSED_FUNCTION = YES;
				GCC_WARN_UNUSED_VARIABLE = YES;
				IPHONEOS_DEPLOYMENT_TARGET = 8.3;
				MTL_ENABLE_DEBUG_INFO = YES;
				ONLY_ACTIVE_ARCH = YES;
				SDKROOT = iphoneos;
				TARGETED_DEVICE_FAMILY = "1,2";
			};
			name = Debug;
		};
		95CB89A61B7CA74500ADEBA5 /* Release */ = {
			isa = XCBuildConfiguration;
			buildSettings = {
				ALWAYS_SEARCH_USER_PATHS = NO;
				CLANG_CXX_LANGUAGE_STANDARD = "gnu++0x";
				CLANG_CXX_LIBRARY = "libc++";
				CLANG_ENABLE_MODULES = YES;
				CLANG_ENABLE_OBJC_ARC = YES;
				CLANG_WARN_BOOL_CONVERSION = YES;
				CLANG_WARN_CONSTANT_CONVERSION = YES;
				CLANG_WARN_DIRECT_OBJC_ISA_USAGE = YES_ERROR;
				CLANG_WARN_EMPTY_BODY = YES;
				CLANG_WARN_ENUM_CONVERSION = YES;
				CLANG_WARN_INT_CONVERSION = YES;
				CLANG_WARN_OBJC_ROOT_CLASS = YES_ERROR;
				CLANG_WARN_UNREACHABLE_CODE = YES;
				CLANG_WARN__DUPLICATE_METHOD_MATCH = YES;
				"CODE_SIGN_IDENTITY[sdk=iphoneos*]" = "iPhone Developer";
				COPY_PHASE_STRIP = NO;
				DEBUG_INFORMATION_FORMAT = "dwarf-with-dsym";
				ENABLE_NS_ASSERTIONS = NO;
				ENABLE_STRICT_OBJC_MSGSEND = YES;
				GCC_C_LANGUAGE_STANDARD = gnu99;
				GCC_NO_COMMON_BLOCKS = YES;
				GCC_WARN_64_TO_32_BIT_CONVERSION = YES;
				GCC_WARN_ABOUT_RETURN_TYPE = YES_ERROR;
				GCC_WARN_UNDECLARED_SELECTOR = YES;
				GCC_WARN_UNINITIALIZED_AUTOS = YES_AGGRESSIVE;
				GCC_WARN_UNUSED_FUNCTION = YES;
				GCC_WARN_UNUSED_VARIABLE = YES;
				IPHONEOS_DEPLOYMENT_TARGET = 8.3;
				MTL_ENABLE_DEBUG_INFO = NO;
				SDKROOT = iphoneos;
				TARGETED_DEVICE_FAMILY = "1,2";
				VALIDATE_PRODUCT = YES;
			};
			name = Release;
		};
		95CB89A81B7CA74500ADEBA5 /* Debug */ = {
			isa = XCBuildConfiguration;
			buildSettings = {
				ASSETCATALOG_COMPILER_APPICON_NAME = AppIcon;
				INFOPLIST_FILE = "Minion Says/Info.plist";
				LD_RUNPATH_SEARCH_PATHS = "$(inherited) @executable_path/Frameworks";
				PRODUCT_NAME = "$(TARGET_NAME)";
			};
			name = Debug;
		};
		95CB89A91B7CA74500ADEBA5 /* Release */ = {
			isa = XCBuildConfiguration;
			buildSettings = {
				ASSETCATALOG_COMPILER_APPICON_NAME = AppIcon;
				INFOPLIST_FILE = "Minion Says/Info.plist";
				LD_RUNPATH_SEARCH_PATHS = "$(inherited) @executable_path/Frameworks";
				PRODUCT_NAME = "$(TARGET_NAME)";
			};
			name = Release;
		};
		95CB89AB1B7CA74500ADEBA5 /* Debug */ = {
			isa = XCBuildConfiguration;
			buildSettings = {
				BUNDLE_LOADER = "$(TEST_HOST)";
				FRAMEWORK_SEARCH_PATHS = (
					"$(SDKROOT)/Developer/Library/Frameworks",
					"$(inherited)",
				);
				GCC_PREPROCESSOR_DEFINITIONS = (
					"DEBUG=1",
					"$(inherited)",
				);
				INFOPLIST_FILE = "Minion SaysTests/Info.plist";
				LD_RUNPATH_SEARCH_PATHS = "$(inherited) @executable_path/Frameworks @loader_path/Frameworks";
				PRODUCT_NAME = "$(TARGET_NAME)";
				TEST_HOST = "$(BUILT_PRODUCTS_DIR)/Minion Says.app/Minion Says";
			};
			name = Debug;
		};
		95CB89AC1B7CA74500ADEBA5 /* Release */ = {
			isa = XCBuildConfiguration;
			buildSettings = {
				BUNDLE_LOADER = "$(TEST_HOST)";
				FRAMEWORK_SEARCH_PATHS = (
					"$(SDKROOT)/Developer/Library/Frameworks",
					"$(inherited)",
				);
				INFOPLIST_FILE = "Minion SaysTests/Info.plist";
				LD_RUNPATH_SEARCH_PATHS = "$(inherited) @executable_path/Frameworks @loader_path/Frameworks";
				PRODUCT_NAME = "$(TARGET_NAME)";
				TEST_HOST = "$(BUILT_PRODUCTS_DIR)/Minion Says.app/Minion Says";
			};
			name = Release;
		};
/* End XCBuildConfiguration section */

/* Begin XCConfigurationList section */
		95CB897F1B7CA74500ADEBA5 /* Build configuration list for PBXProject "Minion Says" */ = {
			isa = XCConfigurationList;
			buildConfigurations = (
				95CB89A51B7CA74500ADEBA5 /* Debug */,
				95CB89A61B7CA74500ADEBA5 /* Release */,
			);
			defaultConfigurationIsVisible = 0;
			defaultConfigurationName = Release;
		};
		95CB89A71B7CA74500ADEBA5 /* Build configuration list for PBXNativeTarget "Minion Says" */ = {
			isa = XCConfigurationList;
			buildConfigurations = (
				95CB89A81B7CA74500ADEBA5 /* Debug */,
				95CB89A91B7CA74500ADEBA5 /* Release */,
			);
			defaultConfigurationIsVisible = 0;
			defaultConfigurationName = Release;
		};
		95CB89AA1B7CA74500ADEBA5 /* Build configuration list for PBXNativeTarget "Minion SaysTests" */ = {
			isa = XCConfigurationList;
			buildConfigurations = (
				95CB89AB1B7CA74500ADEBA5 /* Debug */,
				95CB89AC1B7CA74500ADEBA5 /* Release */,
			);
			defaultConfigurationIsVisible = 0;
			defaultConfigurationName = Release;
		};
/* End XCConfigurationList section */

/* Begin XCVersionGroup section */
		950A03431BAFF52D000C2103 /* MSContentModel.xcdatamodeld */ = {
			isa = XCVersionGroup;
			children = (
				950A03441BAFF52D000C2103 /* MSContentModel.xcdatamodel */,
			);
			currentVersion = 950A03441BAFF52D000C2103 /* MSContentModel.xcdatamodel */;
			path = MSContentModel.xcdatamodeld;
			sourceTree = "<group>";
			versionGroupType = wrapper.xcdatamodel;
		};
/* End XCVersionGroup section */
	};
	rootObject = 95CB897C1B7CA74500ADEBA5 /* Project object */;
}
